
Microsoft Visual Studio Solution File, Format Version 12.00
# Visual Studio Version 16
VisualStudioVersion = 16.0.31911.196
MinimumVisualStudioVersion = 10.0.40219.1
Project("{FAE04EC0-301F-11D3-BF4B-00C04F79EFBC}") = "Project-Managemnet-App-BackEnd", "Project-Managemnet-App-BackEnd\Project-Managemnet-App-BackEnd.csproj", "{0ABF7EB1-C592-4210-A370-57ACB2AC14CD}"
EndProject
Global
	GlobalSection(SolutionConfigurationPlatforms) = preSolution
		Debug|Any CPU = Debug|Any CPU
		Release|Any CPU = Release|Any CPU
	EndGlobalSection
	GlobalSection(ProjectConfigurationPlatforms) = postSolution
		{0ABF7EB1-C592-4210-A370-57ACB2AC14CD}.Debug|Any CPU.ActiveCfg = Debug|Any CPU
		{0ABF7EB1-C592-4210-A370-57ACB2AC14CD}.Debug|Any CPU.Build.0 = Debug|Any CPU
		{0ABF7EB1-C592-4210-A370-57ACB2AC14CD}.Release|Any CPU.ActiveCfg = Release|Any CPU
		{0ABF7EB1-C592-4210-A370-57ACB2AC14CD}.Release|Any CPU.Build.0 = Release|Any CPU
	EndGlobalSection
	GlobalSection(SolutionProperties) = preSolution
		HideSolutionNode = FALSE
	EndGlobalSection
	GlobalSection(ExtensibilityGlobals) = postSolution
		SolutionGuid = {AA5B45C4-5497-4672-B264-614522376BCF}
	EndGlobalSection
EndGlobal
